
Microsoft Visual Studio Solution File, Format Version 12.00
# Visual Studio Version 16
VisualStudioVersion = 16.0.29020.237
MinimumVisualStudioVersion = 10.0.40219.1
Project("{9A19103F-16F7-4668-BE54-9A1E7A4F7556}") = "RaviEcommerce.Domain", "src\RaviEcommerce.Domain\RaviEcommerce.Domain.csproj", "{554AD327-6DBA-4F8F-96F8-81CE7A0C863F}"
EndProject
Project("{9A19103F-16F7-4668-BE54-9A1E7A4F7556}") = "RaviEcommerce.Application", "src\RaviEcommerce.Application\RaviEcommerce.Application.csproj", "{1A94A50E-06DC-43C1-80B5-B662820EC3EB}"
EndProject
Project("{9A19103F-16F7-4668-BE54-9A1E7A4F7556}") = "RaviEcommerce.EntityFrameworkCore", "src\RaviEcommerce.EntityFrameworkCore\RaviEcommerce.EntityFrameworkCore.csproj", "{C956DD76-69C8-4A9C-83EA-D17DF83340FD}"
EndProject
Project("{2150E333-8FDC-42A3-9474-1A3956D46DE8}") = "src", "src", "{CA9AC87F-097E-4F15-8393-4BC07735A5B0}"
EndProject
Project("{2150E333-8FDC-42A3-9474-1A3956D46DE8}") = "test", "test", "{04DBDB01-70F4-4E06-B468-8F87850B22BE}"
EndProject
Project("{9A19103F-16F7-4668-BE54-9A1E7A4F7556}") = "RaviEcommerce.Application.Tests", "test\RaviEcommerce.Application.Tests\RaviEcommerce.Application.Tests.csproj", "{50B2631D-129C-47B3-A587-029CCD6099BC}"
EndProject
Project("{9A19103F-16F7-4668-BE54-9A1E7A4F7556}") = "RaviEcommerce.Domain.Shared", "src\RaviEcommerce.Domain.Shared\RaviEcommerce.Domain.Shared.csproj", "{42F719ED-8413-4895-B5B4-5AB56079BC66}"
EndProject
Project("{9A19103F-16F7-4668-BE54-9A1E7A4F7556}") = "RaviEcommerce.Application.Contracts", "src\RaviEcommerce.Application.Contracts\RaviEcommerce.Application.Contracts.csproj", "{520659C8-C734-4298-A3DA-B539DB9DFC0B}"
EndProject
Project("{9A19103F-16F7-4668-BE54-9A1E7A4F7556}") = "RaviEcommerce.HttpApi", "src\RaviEcommerce.HttpApi\RaviEcommerce.HttpApi.csproj", "{4164BDF7-F527-4E85-9CE6-E3C2D7426A27}"
EndProject
Project("{9A19103F-16F7-4668-BE54-9A1E7A4F7556}") = "RaviEcommerce.HttpApi.Client", "src\RaviEcommerce.HttpApi.Client\RaviEcommerce.HttpApi.Client.csproj", "{3B5A0094-670D-4BB1-BFDD-61B88A8773DC}"
EndProject
Project("{9A19103F-16F7-4668-BE54-9A1E7A4F7556}") = "RaviEcommerce.AuthServer", "src\RaviEcommerce.AuthServer\RaviEcommerce.AuthServer.csproj", "{073C361E-B8F4-49F5-93CC-72A3FF49C026}"
EndProject
Project("{9A19103F-16F7-4668-BE54-9A1E7A4F7556}") = "RaviEcommerce.HttpApi.Host", "src\RaviEcommerce.HttpApi.Host\RaviEcommerce.HttpApi.Host.csproj", "{E6D5BF0E-DE92-4D82-A352-EF04B37CB11C}"
EndProject
Project("{9A19103F-16F7-4668-BE54-9A1E7A4F7556}") = "RaviEcommerce.EntityFrameworkCore.Tests", "test\RaviEcommerce.EntityFrameworkCore.Tests\RaviEcommerce.EntityFrameworkCore.Tests.csproj", "{1FE30EB9-74A9-47F5-A9F6-7B1FAB672D81}"
EndProject
Project("{9A19103F-16F7-4668-BE54-9A1E7A4F7556}") = "RaviEcommerce.TestBase", "test\RaviEcommerce.TestBase\RaviEcommerce.TestBase.csproj", "{91853F21-9CD9-4132-BC29-A7D5D84FFFE7}"
EndProject
Project("{9A19103F-16F7-4668-BE54-9A1E7A4F7556}") = "RaviEcommerce.Domain.Tests", "test\RaviEcommerce.Domain.Tests\RaviEcommerce.Domain.Tests.csproj", "{E512F4D9-9375-480F-A2F6-A46509F9D824}"
EndProject
Project("{9A19103F-16F7-4668-BE54-9A1E7A4F7556}") = "RaviEcommerce.HttpApi.Client.ConsoleTestApp", "test\RaviEcommerce.HttpApi.Client.ConsoleTestApp\RaviEcommerce.HttpApi.Client.ConsoleTestApp.csproj", "{EF480016-9127-4916-8735-D2466BDBC582}"
EndProject
Project("{9A19103F-16F7-4668-BE54-9A1E7A4F7556}") = "RaviEcommerce.DbMigrator", "src\RaviEcommerce.DbMigrator\RaviEcommerce.DbMigrator.csproj", "{AA94D832-1CCC-4715-95A9-A483F23A1A5D}"
EndProject
Project("{2150E333-8FDC-42A3-9474-1A3956D46DE8}") = "common", "common", "{06CE9F43-A828-4A50-B64F-65AB501ED79D}"
EndProject
Project("{2150E333-8FDC-42A3-9474-1A3956D46DE8}") = "domain", "domain", "{ABA15FCF-3D33-49CA-8D2D-C5438233A244}"
EndProject
Project("{2150E333-8FDC-42A3-9474-1A3956D46DE8}") = "infrastructure", "infrastructure", "{C13BF314-49D2-44E9-9D34-357FFE378228}"
EndProject
Project("{2150E333-8FDC-42A3-9474-1A3956D46DE8}") = "admin", "admin", "{13DB7D78-C9EB-41DE-A2E1-AF8F51828C4D}"
EndProject
Project("{2150E333-8FDC-42A3-9474-1A3956D46DE8}") = "identity", "identity", "{F08291A5-2FDB-4175-8F02-DB25521633FF}"
EndProject
Project("{2150E333-8FDC-42A3-9474-1A3956D46DE8}") = "web", "web", "{84ACAB23-A685-4899-B9C1-620868363CE9}"
EndProject
Project("{FAE04EC0-301F-11D3-BF4B-00C04F79EFBC}") = "RaviEcommerce.Admin.Application", "src\RaviEcommerce.Admin.Application\RaviEcommerce.Admin.Application.csproj", "{8B2C79F8-DEEF-4340-99C9-2C289022C7C9}"
EndProject
Project("{FAE04EC0-301F-11D3-BF4B-00C04F79EFBC}") = "RaviEcommerce.Admin.Application.Contracts", "src\RaviEcommerce.Admin.Application.Contracts\RaviEcommerce.Admin.Application.Contracts.csproj", "{1C82CD44-CACC-45A3-831F-C585F44E176B}"
EndProject
Project("{FAE04EC0-301F-11D3-BF4B-00C04F79EFBC}") = "RaviEcommerce.Admin.HttpApi", "src\RaviEcommerce.Admin.HttpApi\RaviEcommerce.Admin.HttpApi.csproj", "{C01DD77C-E1A6-46EF-AC2A-F18EA8E1B5E1}"
EndProject
Project("{FAE04EC0-301F-11D3-BF4B-00C04F79EFBC}") = "RaviEcommerce.Admin.HttpApi.Client", "src\RaviEcommerce.Admin.HttpApi.Client\RaviEcommerce.Admin.HttpApi.Client.csproj", "{BBBB0977-3CA3-44CE-916B-4A8C5879EE39}"
EndProject
Project("{FAE04EC0-301F-11D3-BF4B-00C04F79EFBC}") = "RaviEcommerce.Admin.HttpApi.Host", "src\RaviEcommerce.Admin.HttpApi.Host\RaviEcommerce.Admin.HttpApi.Host.csproj", "{251A4D29-3ED4-4204-8E53-465815DF4CEA}"
EndProject
Global
	GlobalSection(SolutionConfigurationPlatforms) = preSolution
		Debug|Any CPU = Debug|Any CPU
		Release|Any CPU = Release|Any CPU
	EndGlobalSection
	GlobalSection(ProjectConfigurationPlatforms) = postSolution
		{554AD327-6DBA-4F8F-96F8-81CE7A0C863F}.Debug|Any CPU.ActiveCfg = Debug|Any CPU
		{554AD327-6DBA-4F8F-96F8-81CE7A0C863F}.Debug|Any CPU.Build.0 = Debug|Any CPU
		{554AD327-6DBA-4F8F-96F8-81CE7A0C863F}.Release|Any CPU.ActiveCfg = Release|Any CPU
		{554AD327-6DBA-4F8F-96F8-81CE7A0C863F}.Release|Any CPU.Build.0 = Release|Any CPU
		{1A94A50E-06DC-43C1-80B5-B662820EC3EB}.Debug|Any CPU.ActiveCfg = Debug|Any CPU
		{1A94A50E-06DC-43C1-80B5-B662820EC3EB}.Debug|Any CPU.Build.0 = Debug|Any CPU
		{1A94A50E-06DC-43C1-80B5-B662820EC3EB}.Release|Any CPU.ActiveCfg = Release|Any CPU
		{1A94A50E-06DC-43C1-80B5-B662820EC3EB}.Release|Any CPU.Build.0 = Release|Any CPU
		{C956DD76-69C8-4A9C-83EA-D17DF83340FD}.Debug|Any CPU.ActiveCfg = Debug|Any CPU
		{C956DD76-69C8-4A9C-83EA-D17DF83340FD}.Debug|Any CPU.Build.0 = Debug|Any CPU
		{C956DD76-69C8-4A9C-83EA-D17DF83340FD}.Release|Any CPU.ActiveCfg = Release|Any CPU
		{C956DD76-69C8-4A9C-83EA-D17DF83340FD}.Release|Any CPU.Build.0 = Release|Any CPU
		{50B2631D-129C-47B3-A587-029CCD6099BC}.Debug|Any CPU.ActiveCfg = Debug|Any CPU
		{50B2631D-129C-47B3-A587-029CCD6099BC}.Debug|Any CPU.Build.0 = Debug|Any CPU
		{50B2631D-129C-47B3-A587-029CCD6099BC}.Release|Any CPU.ActiveCfg = Release|Any CPU
		{50B2631D-129C-47B3-A587-029CCD6099BC}.Release|Any CPU.Build.0 = Release|Any CPU
		{42F719ED-8413-4895-B5B4-5AB56079BC66}.Debug|Any CPU.ActiveCfg = Debug|Any CPU
		{42F719ED-8413-4895-B5B4-5AB56079BC66}.Debug|Any CPU.Build.0 = Debug|Any CPU
		{42F719ED-8413-4895-B5B4-5AB56079BC66}.Release|Any CPU.ActiveCfg = Release|Any CPU
		{42F719ED-8413-4895-B5B4-5AB56079BC66}.Release|Any CPU.Build.0 = Release|Any CPU
		{520659C8-C734-4298-A3DA-B539DB9DFC0B}.Debug|Any CPU.ActiveCfg = Debug|Any CPU
		{520659C8-C734-4298-A3DA-B539DB9DFC0B}.Debug|Any CPU.Build.0 = Debug|Any CPU
		{520659C8-C734-4298-A3DA-B539DB9DFC0B}.Release|Any CPU.ActiveCfg = Release|Any CPU
		{520659C8-C734-4298-A3DA-B539DB9DFC0B}.Release|Any CPU.Build.0 = Release|Any CPU
		{4164BDF7-F527-4E85-9CE6-E3C2D7426A27}.Debug|Any CPU.ActiveCfg = Debug|Any CPU
		{4164BDF7-F527-4E85-9CE6-E3C2D7426A27}.Debug|Any CPU.Build.0 = Debug|Any CPU
		{4164BDF7-F527-4E85-9CE6-E3C2D7426A27}.Release|Any CPU.ActiveCfg = Release|Any CPU
		{4164BDF7-F527-4E85-9CE6-E3C2D7426A27}.Release|Any CPU.Build.0 = Release|Any CPU
		{3B5A0094-670D-4BB1-BFDD-61B88A8773DC}.Debug|Any CPU.ActiveCfg = Debug|Any CPU
		{3B5A0094-670D-4BB1-BFDD-61B88A8773DC}.Debug|Any CPU.Build.0 = Debug|Any CPU
		{3B5A0094-670D-4BB1-BFDD-61B88A8773DC}.Release|Any CPU.ActiveCfg = Release|Any CPU
		{3B5A0094-670D-4BB1-BFDD-61B88A8773DC}.Release|Any CPU.Build.0 = Release|Any CPU
		{073C361E-B8F4-49F5-93CC-72A3FF49C026}.Debug|Any CPU.ActiveCfg = Debug|Any CPU
		{073C361E-B8F4-49F5-93CC-72A3FF49C026}.Debug|Any CPU.Build.0 = Debug|Any CPU
		{073C361E-B8F4-49F5-93CC-72A3FF49C026}.Release|Any CPU.ActiveCfg = Release|Any CPU
		{073C361E-B8F4-49F5-93CC-72A3FF49C026}.Release|Any CPU.Build.0 = Release|Any CPU
		{E6D5BF0E-DE92-4D82-A352-EF04B37CB11C}.Debug|Any CPU.ActiveCfg = Debug|Any CPU
		{E6D5BF0E-DE92-4D82-A352-EF04B37CB11C}.Debug|Any CPU.Build.0 = Debug|Any CPU
		{E6D5BF0E-DE92-4D82-A352-EF04B37CB11C}.Release|Any CPU.ActiveCfg = Release|Any CPU
		{E6D5BF0E-DE92-4D82-A352-EF04B37CB11C}.Release|Any CPU.Build.0 = Release|Any CPU
		{1FE30EB9-74A9-47F5-A9F6-7B1FAB672D81}.Debug|Any CPU.ActiveCfg = Debug|Any CPU
		{1FE30EB9-74A9-47F5-A9F6-7B1FAB672D81}.Debug|Any CPU.Build.0 = Debug|Any CPU
		{1FE30EB9-74A9-47F5-A9F6-7B1FAB672D81}.Release|Any CPU.ActiveCfg = Release|Any CPU
		{1FE30EB9-74A9-47F5-A9F6-7B1FAB672D81}.Release|Any CPU.Build.0 = Release|Any CPU
		{91853F21-9CD9-4132-BC29-A7D5D84FFFE7}.Debug|Any CPU.ActiveCfg = Debug|Any CPU
		{91853F21-9CD9-4132-BC29-A7D5D84FFFE7}.Debug|Any CPU.Build.0 = Debug|Any CPU
		{91853F21-9CD9-4132-BC29-A7D5D84FFFE7}.Release|Any CPU.ActiveCfg = Release|Any CPU
		{91853F21-9CD9-4132-BC29-A7D5D84FFFE7}.Release|Any CPU.Build.0 = Release|Any CPU
		{E512F4D9-9375-480F-A2F6-A46509F9D824}.Debug|Any CPU.ActiveCfg = Debug|Any CPU
		{E512F4D9-9375-480F-A2F6-A46509F9D824}.Debug|Any CPU.Build.0 = Debug|Any CPU
		{E512F4D9-9375-480F-A2F6-A46509F9D824}.Release|Any CPU.ActiveCfg = Release|Any CPU
		{E512F4D9-9375-480F-A2F6-A46509F9D824}.Release|Any CPU.Build.0 = Release|Any CPU
		{EF480016-9127-4916-8735-D2466BDBC582}.Debug|Any CPU.ActiveCfg = Debug|Any CPU
		{EF480016-9127-4916-8735-D2466BDBC582}.Debug|Any CPU.Build.0 = Debug|Any CPU
		{EF480016-9127-4916-8735-D2466BDBC582}.Release|Any CPU.ActiveCfg = Release|Any CPU
		{EF480016-9127-4916-8735-D2466BDBC582}.Release|Any CPU.Build.0 = Release|Any CPU
		{AA94D832-1CCC-4715-95A9-A483F23A1A5D}.Debug|Any CPU.ActiveCfg = Debug|Any CPU
		{AA94D832-1CCC-4715-95A9-A483F23A1A5D}.Debug|Any CPU.Build.0 = Debug|Any CPU
		{AA94D832-1CCC-4715-95A9-A483F23A1A5D}.Release|Any CPU.ActiveCfg = Release|Any CPU
		{AA94D832-1CCC-4715-95A9-A483F23A1A5D}.Release|Any CPU.Build.0 = Release|Any CPU
		{8B2C79F8-DEEF-4340-99C9-2C289022C7C9}.Debug|Any CPU.ActiveCfg = Debug|Any CPU
		{8B2C79F8-DEEF-4340-99C9-2C289022C7C9}.Debug|Any CPU.Build.0 = Debug|Any CPU
		{8B2C79F8-DEEF-4340-99C9-2C289022C7C9}.Release|Any CPU.ActiveCfg = Release|Any CPU
		{8B2C79F8-DEEF-4340-99C9-2C289022C7C9}.Release|Any CPU.Build.0 = Release|Any CPU
		{1C82CD44-CACC-45A3-831F-C585F44E176B}.Debug|Any CPU.ActiveCfg = Debug|Any CPU
		{1C82CD44-CACC-45A3-831F-C585F44E176B}.Debug|Any CPU.Build.0 = Debug|Any CPU
		{1C82CD44-CACC-45A3-831F-C585F44E176B}.Release|Any CPU.ActiveCfg = Release|Any CPU
		{1C82CD44-CACC-45A3-831F-C585F44E176B}.Release|Any CPU.Build.0 = Release|Any CPU
		{C01DD77C-E1A6-46EF-AC2A-F18EA8E1B5E1}.Debug|Any CPU.ActiveCfg = Debug|Any CPU
		{C01DD77C-E1A6-46EF-AC2A-F18EA8E1B5E1}.Debug|Any CPU.Build.0 = Debug|Any CPU
		{C01DD77C-E1A6-46EF-AC2A-F18EA8E1B5E1}.Release|Any CPU.ActiveCfg = Release|Any CPU
		{C01DD77C-E1A6-46EF-AC2A-F18EA8E1B5E1}.Release|Any CPU.Build.0 = Release|Any CPU
		{BBBB0977-3CA3-44CE-916B-4A8C5879EE39}.Debug|Any CPU.ActiveCfg = Debug|Any CPU
		{BBBB0977-3CA3-44CE-916B-4A8C5879EE39}.Debug|Any CPU.Build.0 = Debug|Any CPU
		{BBBB0977-3CA3-44CE-916B-4A8C5879EE39}.Release|Any CPU.ActiveCfg = Release|Any CPU
		{BBBB0977-3CA3-44CE-916B-4A8C5879EE39}.Release|Any CPU.Build.0 = Release|Any CPU
		{251A4D29-3ED4-4204-8E53-465815DF4CEA}.Debug|Any CPU.ActiveCfg = Debug|Any CPU
		{251A4D29-3ED4-4204-8E53-465815DF4CEA}.Debug|Any CPU.Build.0 = Debug|Any CPU
		{251A4D29-3ED4-4204-8E53-465815DF4CEA}.Release|Any CPU.ActiveCfg = Release|Any CPU
		{251A4D29-3ED4-4204-8E53-465815DF4CEA}.Release|Any CPU.Build.0 = Release|Any CPU
	EndGlobalSection
	GlobalSection(SolutionProperties) = preSolution
		HideSolutionNode = FALSE
	EndGlobalSection
	GlobalSection(NestedProjects) = preSolution
		{50B2631D-129C-47B3-A587-029CCD6099BC} = {04DBDB01-70F4-4E06-B468-8F87850B22BE}
		{1FE30EB9-74A9-47F5-A9F6-7B1FAB672D81} = {04DBDB01-70F4-4E06-B468-8F87850B22BE}
		{91853F21-9CD9-4132-BC29-A7D5D84FFFE7} = {04DBDB01-70F4-4E06-B468-8F87850B22BE}
		{E512F4D9-9375-480F-A2F6-A46509F9D824} = {04DBDB01-70F4-4E06-B468-8F87850B22BE}
		{EF480016-9127-4916-8735-D2466BDBC582} = {04DBDB01-70F4-4E06-B468-8F87850B22BE}
		{06CE9F43-A828-4A50-B64F-65AB501ED79D} = {CA9AC87F-097E-4F15-8393-4BC07735A5B0}
		{ABA15FCF-3D33-49CA-8D2D-C5438233A244} = {06CE9F43-A828-4A50-B64F-65AB501ED79D}
		{C13BF314-49D2-44E9-9D34-357FFE378228} = {06CE9F43-A828-4A50-B64F-65AB501ED79D}
		{13DB7D78-C9EB-41DE-A2E1-AF8F51828C4D} = {06CE9F43-A828-4A50-B64F-65AB501ED79D}
		{F08291A5-2FDB-4175-8F02-DB25521633FF} = {06CE9F43-A828-4A50-B64F-65AB501ED79D}
		{84ACAB23-A685-4899-B9C1-620868363CE9} = {06CE9F43-A828-4A50-B64F-65AB501ED79D}
		{554AD327-6DBA-4F8F-96F8-81CE7A0C863F} = {ABA15FCF-3D33-49CA-8D2D-C5438233A244}
		{42F719ED-8413-4895-B5B4-5AB56079BC66} = {ABA15FCF-3D33-49CA-8D2D-C5438233A244}
		{AA94D832-1CCC-4715-95A9-A483F23A1A5D} = {C13BF314-49D2-44E9-9D34-357FFE378228}
		{C956DD76-69C8-4A9C-83EA-D17DF83340FD} = {C13BF314-49D2-44E9-9D34-357FFE378228}
		{073C361E-B8F4-49F5-93CC-72A3FF49C026} = {F08291A5-2FDB-4175-8F02-DB25521633FF}
		{1A94A50E-06DC-43C1-80B5-B662820EC3EB} = {84ACAB23-A685-4899-B9C1-620868363CE9}
		{520659C8-C734-4298-A3DA-B539DB9DFC0B} = {84ACAB23-A685-4899-B9C1-620868363CE9}
		{4164BDF7-F527-4E85-9CE6-E3C2D7426A27} = {84ACAB23-A685-4899-B9C1-620868363CE9}
		{3B5A0094-670D-4BB1-BFDD-61B88A8773DC} = {84ACAB23-A685-4899-B9C1-620868363CE9}
		{E6D5BF0E-DE92-4D82-A352-EF04B37CB11C} = {84ACAB23-A685-4899-B9C1-620868363CE9}
		{8B2C79F8-DEEF-4340-99C9-2C289022C7C9} = {13DB7D78-C9EB-41DE-A2E1-AF8F51828C4D}
		{1C82CD44-CACC-45A3-831F-C585F44E176B} = {13DB7D78-C9EB-41DE-A2E1-AF8F51828C4D}
		{C01DD77C-E1A6-46EF-AC2A-F18EA8E1B5E1} = {13DB7D78-C9EB-41DE-A2E1-AF8F51828C4D}
		{BBBB0977-3CA3-44CE-916B-4A8C5879EE39} = {13DB7D78-C9EB-41DE-A2E1-AF8F51828C4D}
		{251A4D29-3ED4-4204-8E53-465815DF4CEA} = {13DB7D78-C9EB-41DE-A2E1-AF8F51828C4D}
	EndGlobalSection
	GlobalSection(ExtensibilityGlobals) = postSolution
		SolutionGuid = {28315BFD-90E7-4E14-A2EA-F3D23AF4126F}
	EndGlobalSection
EndGlobal
